Microsoft Visual Studio Solution File, Format Version 11.00
# Visual Studio 2008

Project("{07086D25-C254-CEC0-7832-D439225EA3DB}") = "Chromatose", "Assembly-CSharp-firstpass.csproj", "{F84C866F-D9C7-E9F7-73CF-42590CA99249}"
EndProject
Project("{07086D25-C254-CEC0-7832-D439225EA3DB}") = "Chromatose", "Assembly-CSharp.csproj", "{6A256B4C-7865-F6FB-E042-C11C8D865518}"
EndProject
Project("{07086D25-C254-CEC0-7832-D439225EA3DB}") = "Chromatose", "Assembly-CSharp-Editor-firstpass.csproj", "{71F4A098-B5E6-06D5-5FF4-EAA53BB6011F}"
EndProject
Project("{07086D25-C254-CEC0-7832-D439225EA3DB}") = "Chromatose", "Assembly-CSharp-Editor.csproj", "{95B962DA-CD18-48A1-BFA6-BBDDF79AD4D7}"
EndProject
Project("{07086D25-C254-CEC0-7832-D439225EA3DB}") = "Chromatose", "Assembly-UnityScript.unityproj", "{D733DD94-BF9F-CBEA-DE2E-6235B139F361}"
EndProject
Global
	GlobalSection(SolutionConfigurationPlatforms) = preSolution
		Debug|Any CPU = Debug|Any CPU
		Release|Any CPU = Release|Any CPU
	EndGlobalSection
	GlobalSection(ProjectConfigurationPlatforms) = postSolution
		{F84C866F-D9C7-E9F7-73CF-42590CA99249}.Debug|Any CPU.ActiveCfg = Debug|Any CPU
		{F84C866F-D9C7-E9F7-73CF-42590CA99249}.Debug|Any CPU.Build.0 = Debug|Any CPU
		{F84C866F-D9C7-E9F7-73CF-42590CA99249}.Release|Any CPU.ActiveCfg = Release|Any CPU
		{F84C866F-D9C7-E9F7-73CF-42590CA99249}.Release|Any CPU.Build.0 = Release|Any CPU
		{6A256B4C-7865-F6FB-E042-C11C8D865518}.Debug|Any CPU.ActiveCfg = Debug|Any CPU
		{6A256B4C-7865-F6FB-E042-C11C8D865518}.Debug|Any CPU.Build.0 = Debug|Any CPU
		{6A256B4C-7865-F6FB-E042-C11C8D865518}.Release|Any CPU.ActiveCfg = Release|Any CPU
		{6A256B4C-7865-F6FB-E042-C11C8D865518}.Release|Any CPU.Build.0 = Release|Any CPU
		{71F4A098-B5E6-06D5-5FF4-EAA53BB6011F}.Debug|Any CPU.ActiveCfg = Debug|Any CPU
		{71F4A098-B5E6-06D5-5FF4-EAA53BB6011F}.Debug|Any CPU.Build.0 = Debug|Any CPU
		{71F4A098-B5E6-06D5-5FF4-EAA53BB6011F}.Release|Any CPU.ActiveCfg = Release|Any CPU
		{71F4A098-B5E6-06D5-5FF4-EAA53BB6011F}.Release|Any CPU.Build.0 = Release|Any CPU
		{95B962DA-CD18-48A1-BFA6-BBDDF79AD4D7}.Debug|Any CPU.ActiveCfg = Debug|Any CPU
		{95B962DA-CD18-48A1-BFA6-BBDDF79AD4D7}.Debug|Any CPU.Build.0 = Debug|Any CPU
		{95B962DA-CD18-48A1-BFA6-BBDDF79AD4D7}.Release|Any CPU.ActiveCfg = Release|Any CPU
		{95B962DA-CD18-48A1-BFA6-BBDDF79AD4D7}.Release|Any CPU.Build.0 = Release|Any CPU
		{D733DD94-BF9F-CBEA-DE2E-6235B139F361}.Debug|Any CPU.ActiveCfg = Debug|Any CPU
		{D733DD94-BF9F-CBEA-DE2E-6235B139F361}.Debug|Any CPU.Build.0 = Debug|Any CPU
		{D733DD94-BF9F-CBEA-DE2E-6235B139F361}.Release|Any CPU.ActiveCfg = Release|Any CPU
		{D733DD94-BF9F-CBEA-DE2E-6235B139F361}.Release|Any CPU.Build.0 = Release|Any CPU
	EndGlobalSection
	GlobalSection(SolutionProperties) = preSolution
		HideSolutionNode = FALSE
	EndGlobalSection
																																																																									GlobalSection(MonoDevelopProperties) = preSolution
		StartupItem = Assembly-CSharp.csproj
		Policies = $0
		$0.TextStylePolicy = $1
		$1.inheritsSet = null
		$1.scope = text/x-csharp
		$0.CSharpFormattingPolicy = $2
		$2.inheritsSet = Mono
		$2.inheritsScope = text/x-csharp
		$2.scope = text/x-csharp
		$0.TextStylePolicy = $3
		$3.FileWidth = 120
		$3.TabWidth = 4
		$3.EolMarker = Unix
		$3.inheritsSet = Mono
		$3.inheritsScope = text/plain
		$3.scope = text/plain
	EndGlobalSection

EndGlobal
